
Microsoft Visual Studio Solution File, Format Version 12.00
# Visual Studio Version 16
VisualStudioVersion = 16.0.37530.7
MinimumVisualStudioVersion = 10.0.40219.1
Project("{FAE04EC0-301F-11D3-BF4B-00C04F79EFBC}") = "mstsc2", "mstsc2\mstsc2.csproj", "{BC683A48-BD8C-4DC0-B258-9109C9EE6F79}"
EndProject
Project("{FAE04EC0-301F-11D3-BF4B-00C04F79EFBC}") = "mstsc2inject", "mstsc2inject\mstsc2inject.csproj", "{BB41ABA0-A931-4D10-80AA-57CC8E7FCA80}"
EndProject
Global
	GlobalSection(SolutionConfigurationPlatforms) = preSolution
		Debug|Any CPU = Debug|Any CPU
		Release|Any CPU = Release|Any CPU
	EndGlobalSection
	GlobalSection(ProjectConfigurationPlatforms) = postSolution
		{BC683A48-BD8C-4DC0-B258-9109C9EE6F79}.Debug|Any CPU.ActiveCfg = Debug|Any CPU
		{BC683A48-BD8C-4DC0-B258-9109C9EE6F79}.Debug|Any CPU.Build.0 = Debug|Any CPU
		{BC683A48-BD8C-4DC0-B258-9109C9EE6F79}.Release|Any CPU.ActiveCfg = Release|Any CPU
		{BC683A48-BD8C-4DC0-B258-9109C9EE6F79}.Release|Any CPU.Build.0 = Release|Any CPU
		{BB41ABA0-A931-4D10-80AA-57CC8E7FCA80}.Debug|Any CPU.ActiveCfg = Debug|Any CPU
		{BB41ABA0-A931-4D10-80AA-57CC8E7FCA80}.Debug|Any CPU.Build.0 = Debug|Any CPU
		{BB41ABA0-A931-4D10-80AA-57CC8E7FCA80}.Release|Any CPU.ActiveCfg = Release|Any CPU
		{BB41ABA0-A931-4D10-80AA-57CC8E7FCA80}.Release|Any CPU.Build.0 = Release|Any CPU
	EndGlobalSection
	GlobalSection(SolutionProperties) = preSolution
		HideSolutionNode = FALSE
	EndGlobalSection
	GlobalSection(ExtensibilityGlobals) = postSolution
		SolutionGuid = {5DC2C6F3-823E-48EC-B20E-09849FA13524}
	EndGlobalSection
EndGlobal
